PODS:
  - TYPagerController (2.1.2)

DEPENDENCIES:
  - TYPagerController (~> 2.1.2)

SPEC REPOS:
  https://github.com/CocoaPods/Specs.git:
    - TYPagerController

SPEC CHECKSUMS:
  TYPagerController: 262556ecef99986d26ed77fb1288a198ed42f4af

PODFILE CHECKSUM: bba7c880e150e0b4cdb90c1eb67fa17a21e740fd

COCOAPODS: 1.5.0
